{
  "name": "circleci-config-sdk-sandbox",
  "version": "1.0.0",
  "lockfileVersion": 2,
  "requires": true,
  "packages": {
    "": {
      "name": "circleci-config-sdk-sandbox",
      "version": "1.0.0",
      "license": "MIT",
      "dependencies": {
        "@circleci/circleci-config-sdk": "^0.10.1"
      }
    },
    "node_modules/@circleci/circleci-config-sdk": {
      "version": "0.10.1",
      "resolved": "https://registry.npmjs.org/@circleci/circleci-config-sdk/-/circleci-config-sdk-0.10.1.tgz",
      "integrity": "sha512-QSJBYXTza3UiO2UcmHJQhORkF6UzYOVtddS2cCjDraUkonF4uCawBXXksPXnCaLI98HU8uPwwVVJhdrbJreKQw==",
      "dependencies": {
        "yaml": "2.1.1"
      }
    },
    "node_modules/yaml": {
      "version": "2.1.1",
      "resolved": "https://registry.npmjs.org/yaml/-/yaml-2.1.1.tgz",
      "integrity": "sha512-o96x3OPo8GjWeSLF+wOAbrPfhFOGY0W00GNaxCDv+9hkcDJEnev1yh8S7pgHF0ik6zc8sQLuL8hjHjJULZp8bw==",
      "engines": {
        "node": ">= 14"
      }
    }
  },
  "dependencies": {
    "@circleci/circleci-config-sdk": {
      "version": "0.10.1",
      "resolved": "https://registry.npmjs.org/@circleci/circleci-config-sdk/-/circleci-config-sdk-0.10.1.tgz",
      "integrity": "sha512-QSJBYXTza3UiO2UcmHJQhORkF6UzYOVtddS2cCjDraUkonF4uCawBXXksPXnCaLI98HU8uPwwVVJhdrbJreKQw==",
      "requires": {
        "yaml": "2.1.1"
      }
    },
    "yaml": {
      "version": "2.1.1",
      "resolved": "https://registry.npmjs.org/yaml/-/yaml-2.1.1.tgz",
      "integrity": "sha512-o96x3OPo8GjWeSLF+wOAbrPfhFOGY0W00GNaxCDv+9hkcDJEnev1yh8S7pgHF0ik6zc8sQLuL8hjHjJULZp8bw=="
    }
  }
}
